
Microsoft Visual Studio Solution File, Format Version 12.00
# Visual Studio Version 17
VisualStudioVersion = 17.1.32210.238
MinimumVisualStudioVersion = 10.0.40219.1
Project("{FAE04EC0-301F-11D3-BF4B-00C04F79EFBC}") = "Task_36", "Task_36.csproj", "{E0146750-E270-487B-8955-43019E38EE7F}"
EndProject
Global
	GlobalSection(SolutionConfigurationPlatforms) = preSolution
		Debug|Any CPU = Debug|Any CPU
		Release|Any CPU = Release|Any CPU
	EndGlobalSection
	GlobalSection(ProjectConfigurationPlatforms) = postSolution
		{E0146750-E270-487B-8955-43019E38EE7F}.Debug|Any CPU.ActiveCfg = Debug|Any CPU
		{E0146750-E270-487B-8955-43019E38EE7F}.Debug|Any CPU.Build.0 = Debug|Any CPU
		{E0146750-E270-487B-8955-43019E38EE7F}.Release|Any CPU.ActiveCfg = Release|Any CPU
		{E0146750-E270-487B-8955-43019E38EE7F}.Release|Any CPU.Build.0 = Release|Any CPU
	EndGlobalSection
	GlobalSection(SolutionProperties) = preSolution
		HideSolutionNode = FALSE
	EndGlobalSection
	GlobalSection(ExtensibilityGlobals) = postSolution
		SolutionGuid = {A931F656-5486-4F59-9543-9B6A52B10904}
	EndGlobalSection
EndGlobal
