
Microsoft Visual Studio Solution File, Format Version 12.00
# Visual Studio Version 17
VisualStudioVersion = 17.1.32210.238
MinimumVisualStudioVersion = 10.0.40219.1
Project("{FAE04EC0-301F-11D3-BF4B-00C04F79EFBC}") = "ADD_Task_2", "ADD_Task_2.csproj", "{9164CA8F-892E-4D07-9693-1DF4094206E3}"
EndProject
Global
	GlobalSection(SolutionConfigurationPlatforms) = preSolution
		Debug|Any CPU = Debug|Any CPU
		Release|Any CPU = Release|Any CPU
	EndGlobalSection
	GlobalSection(ProjectConfigurationPlatforms) = postSolution
		{9164CA8F-892E-4D07-9693-1DF4094206E3}.Debug|Any CPU.ActiveCfg = Debug|Any CPU
		{9164CA8F-892E-4D07-9693-1DF4094206E3}.Debug|Any CPU.Build.0 = Debug|Any CPU
		{9164CA8F-892E-4D07-9693-1DF4094206E3}.Release|Any CPU.ActiveCfg = Release|Any CPU
		{9164CA8F-892E-4D07-9693-1DF4094206E3}.Release|Any CPU.Build.0 = Release|Any CPU
	EndGlobalSection
	GlobalSection(SolutionProperties) = preSolution
		HideSolutionNode = FALSE
	EndGlobalSection
	GlobalSection(ExtensibilityGlobals) = postSolution
		SolutionGuid = {FC989DC0-4644-40F3-9BF1-F5AA77574B25}
	EndGlobalSection
EndGlobal
